github.com/Decred-Next/dcrnd/chaincfg/chainhash/v8 v8.0.0 h1:W23iE+e4cx6hJ5HDHVjIU4PN0WGeTpgRTeVfbRuVSrE=
github.com/Decred-Next/dcrnd/chaincfg/chainhash/v8 v8.0.0/go.mod h1:1xnh8bx4NgNnP1v8cUfjn6qWwGrMnBr124J2zUbFkes=
github.com/Decred-Next/dcrnd/crypto/blake256/v8 v8.0.0 h1:Y7/MVTz0U+QywF2qYuCnIDyx0sIN6/lQK5vIEvD0CWk=
github.com/Decred-Next/dcrnd/crypto/blake256/v8 v8.0.0/go.mod h1:xHJ7pgEGFJV0uGVmU/YDJZZXn38YfS7ke9NC2sJK/Pc=
github.com/Decred-Next/dcrnd/dcrec/edwards/v8 v8.0.0 h1:5hTV6KkmauY8peAfpVA7xqtVXxAcFE/5eS1kvEKlKig=
github.com/Decred-Next/dcrnd/dcrec/edwards/v8 v8.0.0/go.mod h1:grR20bB1Cn+RWJUczDOVRIhGdQzw4R9wyMcowKAx+Go=
github.com/Decred-Next/dcrnd/dcrec/secp256k1/version2/v8 v8.0.0 h1:j4Foe55S+JiB3PzZ0JpCrmAT51iE3ISsUNOaT6wsFNM=
github.com/Decred-Next/dcrnd/dcrec/secp256k1/version2/v8 v8.0.0/go.mod h1:HVzyL60f2c86+RDsg8m2v/p7ik4H79T9Fy2DeU3xNeE=
github.com/Decred-Next/dcrnd/wire/v8 v8.0.0 h1:+SMLcPwGzFR9wLWloVsjTvmnL4df22ePTf5XXJQwxHQ=
github.com/Decred-Next/dcrnd/wire/v8 v8.0.0/go.mod h1:tRixr9lCjUlpFIgS1ZmRGUUIBA1pOyDbHzN241L8Urw=
github.com/agl/ed25519 v0.0.0-20170116200512-5312a6153412 h1:w1UutsfOrms1J05zt7ISrnJIXKzwaspym5BTKGx93EI=
github.com/agl/ed25519 v0.0.0-20170116200512-5312a6153412/go.mod h1:WPjqKcmVOxf0XSf3YxCJs6N6AOSrOx3obionmG7T0y0=
github.com/davecgh/go-spew v1.1.1 h1:vj9j/u1bqnvCEfJOwUhtlOARqs3+rkHYY13jYWTU97c=
github.com/davecgh/go-spew v1.1.1/go.mod h1:J7Y8YcW2NihsgmVo/mv3lAwl/skON4iLHjSsI+c5H38=
