github.com/Decred-Next/dcrnd/chaincfg/chainhash/v8 v8.0.0 h1:W23iE+e4cx6hJ5HDHVjIU4PN0WGeTpgRTeVfbRuVSrE=
github.com/Decred-Next/dcrnd/chaincfg/chainhash/v8 v8.0.0/go.mod h1:1xnh8bx4NgNnP1v8cUfjn6qWwGrMnBr124J2zUbFkes=
github.com/Decred-Next/dcrnd/crypto/blake256/v8 v8.0.0 h1:Y7/MVTz0U+QywF2qYuCnIDyx0sIN6/lQK5vIEvD0CWk=
github.com/Decred-Next/dcrnd/crypto/blake256/v8 v8.0.0/go.mod h1:xHJ7pgEGFJV0uGVmU/YDJZZXn38YfS7ke9NC2sJK/Pc=
github.com/davecgh/go-spew v1.1.1 h1:vj9j/u1bqnvCEfJOwUhtlOARqs3+rkHYY13jYWTU97c=
github.com/davecgh/go-spew v1.1.1/go.mod h1:J7Y8YcW2NihsgmVo/mv3lAwl/skON4iLHjSsI+c5H38=
